
Microsoft Visual Studio Solution File, Format Version 12.00
# Visual Studio Version 16
VisualStudioVersion = 25.0.1706.7
MinimumVisualStudioVersion = 10.0.40219.1
Project("{FAE04EC0-301F-11D3-BF4B-00C04F79EFBC}") = "Homework21", "Homework21\Homework21.csproj", "{B488A573-944F-4158-945E-CDD16ACFB4BC}"
EndProject
Global
	GlobalSection(SolutionConfigurationPlatforms) = preSolution
		Debug|Any CPU = Debug|Any CPU
		Release|Any CPU = Release|Any CPU
	EndGlobalSection
	GlobalSection(ProjectConfigurationPlatforms) = postSolution
		{B488A573-944F-4158-945E-CDD16ACFB4BC}.Debug|Any CPU.ActiveCfg = Debug|Any CPU
		{B488A573-944F-4158-945E-CDD16ACFB4BC}.Debug|Any CPU.Build.0 = Debug|Any CPU
		{B488A573-944F-4158-945E-CDD16ACFB4BC}.Release|Any CPU.ActiveCfg = Release|Any CPU
		{B488A573-944F-4158-945E-CDD16ACFB4BC}.Release|Any CPU.Build.0 = Release|Any CPU
	EndGlobalSection
	GlobalSection(SolutionProperties) = preSolution
		HideSolutionNode = FALSE
	EndGlobalSection
	GlobalSection(ExtensibilityGlobals) = postSolution
		SolutionGuid = {FF233C39-7C25-4145-84AF-A46983C2F963}
	EndGlobalSection
EndGlobal
