
Microsoft Visual Studio Solution File, Format Version 12.00
# Visual Studio Version 16
VisualStudioVersion = 25.0.1706.7
MinimumVisualStudioVersion = 10.0.40219.1
Project("{FAE04EC0-301F-11D3-BF4B-00C04F79EFBC}") = "Collection", "Collection\Collection.csproj", "{7755A2FE-AA03-4B39-936E-B4528D8FE9E0}"
EndProject
Global
	GlobalSection(SolutionConfigurationPlatforms) = preSolution
		Debug|Any CPU = Debug|Any CPU
		Release|Any CPU = Release|Any CPU
	EndGlobalSection
	GlobalSection(ProjectConfigurationPlatforms) = postSolution
		{7755A2FE-AA03-4B39-936E-B4528D8FE9E0}.Debug|Any CPU.ActiveCfg = Debug|Any CPU
		{7755A2FE-AA03-4B39-936E-B4528D8FE9E0}.Debug|Any CPU.Build.0 = Debug|Any CPU
		{7755A2FE-AA03-4B39-936E-B4528D8FE9E0}.Release|Any CPU.ActiveCfg = Release|Any CPU
		{7755A2FE-AA03-4B39-936E-B4528D8FE9E0}.Release|Any CPU.Build.0 = Release|Any CPU
	EndGlobalSection
	GlobalSection(SolutionProperties) = preSolution
		HideSolutionNode = FALSE
	EndGlobalSection
	GlobalSection(ExtensibilityGlobals) = postSolution
		SolutionGuid = {44662650-47A7-4962-9894-339592EDA5AA}
	EndGlobalSection
EndGlobal
